
Microsoft Visual Studio Solution File, Format Version 12.00
# Visual Studio 15
Project("{FAE04EC0-301F-11D3-BF4B-00C04F79EFBC}") = "Assembly-CSharp", "Assembly-CSharp.csproj", "{733ED8D7-3AE6-1F98-998D-934A52D85F89}"
EndProject
Project("{2150E333-8FDC-42A3-9474-1A3956D46DE8}") = "Solution Items", "Solution Items", "{203453F2-3144-4B1F-AEF8-B8FB73A6F3F4}"
	ProjectSection(SolutionItems) = preProject
		.editorconfig = .editorconfig
	EndProjectSection
EndProject
Global
	GlobalSection(SolutionConfigurationPlatforms) = preSolution
		Debug|Any CPU = Debug|Any CPU
		Release|Any CPU = Release|Any CPU
	EndGlobalSection
	GlobalSection(ProjectConfigurationPlatforms) = postSolution
		{733ED8D7-3AE6-1F98-998D-934A52D85F89}.Debug|Any CPU.ActiveCfg = Debug|Any CPU
		{733ED8D7-3AE6-1F98-998D-934A52D85F89}.Debug|Any CPU.Build.0 = Debug|Any CPU
		{733ED8D7-3AE6-1F98-998D-934A52D85F89}.Release|Any CPU.ActiveCfg = Release|Any CPU
		{733ED8D7-3AE6-1F98-998D-934A52D85F89}.Release|Any CPU.Build.0 = Release|Any CPU
	EndGlobalSection
	GlobalSection(SolutionProperties) = preSolution
		HideSolutionNode = FALSE
	EndGlobalSection
EndGlobal
