
Microsoft Visual Studio Solution File, Format Version 12.00
# Visual Studio 15
Project("{FAE04EC0-301F-11D3-BF4B-00C04F79EFBC}") = "Assembly-CSharp", "Assembly-CSharp.csproj", "{E8ACBD8D-382E-9CC9-77D6-DE9F510B526A}"
EndProject
Global
	GlobalSection(SolutionConfigurationPlatforms) = preSolution
		Debug|Any CPU = Debug|Any CPU
		Release|Any CPU = Release|Any CPU
	EndGlobalSection
	GlobalSection(ProjectConfigurationPlatforms) = postSolution
		{E8ACBD8D-382E-9CC9-77D6-DE9F510B526A}.Debug|Any CPU.ActiveCfg = Debug|Any CPU
		{E8ACBD8D-382E-9CC9-77D6-DE9F510B526A}.Debug|Any CPU.Build.0 = Debug|Any CPU
		{E8ACBD8D-382E-9CC9-77D6-DE9F510B526A}.Release|Any CPU.ActiveCfg = Release|Any CPU
		{E8ACBD8D-382E-9CC9-77D6-DE9F510B526A}.Release|Any CPU.Build.0 = Release|Any CPU
	EndGlobalSection
	GlobalSection(SolutionProperties) = preSolution
		HideSolutionNode = FALSE
	EndGlobalSection
EndGlobal
